
Microsoft Visual Studio Solution File, Format Version 12.00
# Visual Studio Version 16
VisualStudioVersion = 25.0.1705.4
MinimumVisualStudioVersion = 10.0.40219.1
Project("{FAE04EC0-301F-11D3-BF4B-00C04F79EFBC}") = "PullRequestReviewer", "PullRequestReviewer.csproj", "{03D1554E-A42B-4C30-A6CF-2EF0948BB56E}"
EndProject
Global
	GlobalSection(SolutionConfigurationPlatforms) = preSolution
		Debug|Any CPU = Debug|Any CPU
		Release|Any CPU = Release|Any CPU
	EndGlobalSection
	GlobalSection(ProjectConfigurationPlatforms) = postSolution
		{03D1554E-A42B-4C30-A6CF-2EF0948BB56E}.Debug|Any CPU.ActiveCfg = Debug|Any CPU
		{03D1554E-A42B-4C30-A6CF-2EF0948BB56E}.Debug|Any CPU.Build.0 = Debug|Any CPU
		{03D1554E-A42B-4C30-A6CF-2EF0948BB56E}.Release|Any CPU.ActiveCfg = Release|Any CPU
		{03D1554E-A42B-4C30-A6CF-2EF0948BB56E}.Release|Any CPU.Build.0 = Release|Any CPU
	EndGlobalSection
	GlobalSection(SolutionProperties) = preSolution
		HideSolutionNode = FALSE
	EndGlobalSection
	GlobalSection(ExtensibilityGlobals) = postSolution
		SolutionGuid = {0496B40E-6F5A-4FD1-A9EE-E7D4AF7AC196}
	EndGlobalSection
EndGlobal
